// !$*UTF8*$!
{
	archiveVersion = 1;
	classes = {
	};
	objectVersion = 56;
	objects = {

/* Begin PBXBuildFile section */
		8B8BCEED29A2CF930051F80A /* MovieApp.swift in Sources */ = {isa = PBXBuildFile; fileRef = 8B8BCEEC29A2CF930051F80A /* MovieApp.swift */; };
		8B8BCEEF29A2CF930051F80A /* HomePageView.swift in Sources */ = {isa = PBXBuildFile; fileRef = 8B8BCEEE29A2CF930051F80A /* HomePageView.swift */; };
		8B8BCEF129A2CF940051F80A /* Assets.xcassets in Resources */ = {isa = PBXBuildFile; fileRef = 8B8BCEF029A2CF940051F80A /* Assets.xcassets */; };
		8B8BCEF429A2CF940051F80A /* Preview Assets.xcassets in Resources */ = {isa = PBXBuildFile; fileRef = 8B8BCEF329A2CF940051F80A /* Preview Assets.xcassets */; };
		8B8BCEFB29A2DDFD0051F80A /* MovieListCard.swift in Sources */ = {isa = PBXBuildFile; fileRef = 8B8BCEFA29A2DDFD0051F80A /* MovieListCard.swift */; };
		8B8BCEFD29A2DE150051F80A /* MovieHomeViewModel.swift in Sources */ = {isa = PBXBuildFile; fileRef = 8B8BCEFC29A2DE150051F80A /* MovieHomeViewModel.swift */; };
		8B8BCEFF29A2DE260051F80A /* MovieList.swift in Sources */ = {isa = PBXBuildFile; fileRef = 8B8BCEFE29A2DE260051F80A /* MovieList.swift */; };
		8B8BCF0129A2DE330051F80A /* Movie.swift in Sources */ = {isa = PBXBuildFile; fileRef = 8B8BCF0029A2DE330051F80A /* Movie.swift */; };
		8BAF3B1B29AD52CA00277E9E /* MovieDetailView.swift in Sources */ = {isa = PBXBuildFile; fileRef = 8BAF3B1A29AD52CA00277E9E /* MovieDetailView.swift */; };
		8BAF3B1D29AD646A00277E9E /* MovieDetailsViewModel.swift in Sources */ = {isa = PBXBuildFile; fileRef = 8BAF3B1C29AD646A00277E9E /* MovieDetailsViewModel.swift */; };
		ED42F7292A1B54D0006CC7B5 /* Genre.swift in Sources */ = {isa = PBXBuildFile; fileRef = ED42F7282A1B54D0006CC7B5 /* Genre.swift */; };
		ED42F72D2A1BADBC006CC7B5 /* MovieByGenre.swift in Sources */ = {isa = PBXBuildFile; fileRef = ED42F72C2A1BADBC006CC7B5 /* MovieByGenre.swift */; };
		ED42F7302A1BB318006CC7B5 /* MoviesByGenreView.swift in Sources */ = {isa = PBXBuildFile; fileRef = ED42F72F2A1BB318006CC7B5 /* MoviesByGenreView.swift */; };
		ED42F7332A1C9EE0006CC7B5 /* GenreButton.swift in Sources */ = {isa = PBXBuildFile; fileRef = ED42F7322A1C9EE0006CC7B5 /* GenreButton.swift */; };
		EDD63BDC2A2DBE75003A3363 /* FaceIDView.swift in Sources */ = {isa = PBXBuildFile; fileRef = EDD63BDB2A2DBE75003A3363 /* FaceIDView.swift */; };
		EDD63BEB2A2DE6A8003A3363 /* SplashView.swift in Sources */ = {isa = PBXBuildFile; fileRef = EDD63BEA2A2DE6A8003A3363 /* SplashView.swift */; };
		EDD63BED2A2E0121003A3363 /* MovieHeader.swift in Sources */ = {isa = PBXBuildFile; fileRef = EDD63BEC2A2E0121003A3363 /* MovieHeader.swift */; };
		EDD63BEF2A2E02DD003A3363 /* MovieOverview.swift in Sources */ = {isa = PBXBuildFile; fileRef = EDD63BEE2A2E02DD003A3363 /* MovieOverview.swift */; };
		EDD63BF12A2E0444003A3363 /* MovieButtons.swift in Sources */ = {isa = PBXBuildFile; fileRef = EDD63BF02A2E0444003A3363 /* MovieButtons.swift */; };
		EDD63BF52A2E2458003A3363 /* MovieTheaters.swift in Sources */ = {isa = PBXBuildFile; fileRef = EDD63BF42A2E2458003A3363 /* MovieTheaters.swift */; };
		EDDF74B52A1CC5F0005E5F55 /* MovieCard.swift in Sources */ = {isa = PBXBuildFile; fileRef = EDDF74B42A1CC5F0005E5F55 /* MovieCard.swift */; };
		EDFDDCC42A2F0CF9004F318E /* Mapv2.swift in Sources */ = {isa = PBXBuildFile; fileRef = EDFDDCC32A2F0CF9004F318E /* Mapv2.swift */; };
		EDFDDCC82A2F16A7004F318E /* Map.swift in Sources */ = {isa = PBXBuildFile; fileRef = EDFDDCC72A2F16A7004F318E /* Map.swift */; };
		EDFDDCCB2A2F2A56004F318E /* FaceIDAuthenticator.swift in Sources */ = {isa = PBXBuildFile; fileRef = EDFDDCCA2A2F2A56004F318E /* FaceIDAuthenticator.swift */; };
/* End PBXBuildFile section */

/* Begin PBXFileReference section */
		8B8BCEE929A2CF930051F80A /* MovieApp.app */ = {isa = PBXFileReference; explicitFileType = wrapper.application; includeInIndex = 0; path = MovieApp.app; sourceTree = BUILT_PRODUCTS_DIR; };
		8B8BCEEC29A2CF930051F80A /* MovieApp.swift */ = {isa = PBXFileReference; lastKnownFileType = sourcecode.swift; path = MovieApp.swift; sourceTree = "<group>"; };
		8B8BCEEE29A2CF930051F80A /* HomePageView.swift */ = {isa = PBXFileReference; lastKnownFileType = sourcecode.swift; path = HomePageView.swift; sourceTree = "<group>"; };
		8B8BCEF029A2CF940051F80A /* Assets.xcassets */ = {isa = PBXFileReference; lastKnownFileType = folder.assetcatalog; path = Assets.xcassets; sourceTree = "<group>"; };
		8B8BCEF329A2CF940051F80A /* Preview Assets.xcassets */ = {isa = PBXFileReference; lastKnownFileType = folder.assetcatalog; path = "Preview Assets.xcassets"; sourceTree = "<group>"; };
		8B8BCEFA29A2DDFD0051F80A /* MovieListCard.swift */ = {isa = PBXFileReference; lastKnownFileType = sourcecode.swift; path = MovieListCard.swift; sourceTree = "<group>"; };
		8B8BCEFC29A2DE150051F80A /* MovieHomeViewModel.swift */ = {isa = PBXFileReference; lastKnownFileType = sourcecode.swift; path = MovieHomeViewModel.swift; sourceTree = "<group>"; };
		8B8BCEFE29A2DE260051F80A /* MovieList.swift */ = {isa = PBXFileReference; lastKnownFileType = sourcecode.swift; path = MovieList.swift; sourceTree = "<group>"; };
		8B8BCF0029A2DE330051F80A /* Movie.swift */ = {isa = PBXFileReference; lastKnownFileType = sourcecode.swift; path = Movie.swift; sourceTree = "<group>"; };
		8BAF3B1A29AD52CA00277E9E /* MovieDetailView.swift */ = {isa = PBXFileReference; lastKnownFileType = sourcecode.swift; path = MovieDetailView.swift; sourceTree = "<group>"; };
		8BAF3B1C29AD646A00277E9E /* MovieDetailsViewModel.swift */ = {isa = PBXFileReference; lastKnownFileType = sourcecode.swift; path = MovieDetailsViewModel.swift; sourceTree = "<group>"; };
		ED42F7282A1B54D0006CC7B5 /* Genre.swift */ = {isa = PBXFileReference; lastKnownFileType = sourcecode.swift; path = Genre.swift; sourceTree = "<group>"; };
		ED42F72C2A1BADBC006CC7B5 /* MovieByGenre.swift */ = {isa = PBXFileReference; lastKnownFileType = sourcecode.swift; path = MovieByGenre.swift; sourceTree = "<group>"; };
		ED42F72F2A1BB318006CC7B5 /* MoviesByGenreView.swift */ = {isa = PBXFileReference; lastKnownFileType = sourcecode.swift; path = MoviesByGenreView.swift; sourceTree = "<group>"; };
		ED42F7322A1C9EE0006CC7B5 /* GenreButton.swift */ = {isa = PBXFileReference; lastKnownFileType = sourcecode.swift; path = GenreButton.swift; sourceTree = "<group>"; };
		EDD63BDB2A2DBE75003A3363 /* FaceIDView.swift */ = {isa = PBXFileReference; lastKnownFileType = sourcecode.swift; path = FaceIDView.swift; sourceTree = "<group>"; };
		EDD63BE42A2DE13B003A3363 /* Info.plist */ = {isa = PBXFileReference; lastKnownFileType = text.plist; path = Info.plist; sourceTree = "<group>"; };
		EDD63BEA2A2DE6A8003A3363 /* SplashView.swift */ = {isa = PBXFileReference; lastKnownFileType = sourcecode.swift; path = SplashView.swift; sourceTree = "<group>"; };
		EDD63BEC2A2E0121003A3363 /* MovieHeader.swift */ = {isa = PBXFileReference; lastKnownFileType = sourcecode.swift; path = MovieHeader.swift; sourceTree = "<group>"; };
		EDD63BEE2A2E02DD003A3363 /* MovieOverview.swift */ = {isa = PBXFileReference; lastKnownFileType = sourcecode.swift; path = MovieOverview.swift; sourceTree = "<group>"; };
		EDD63BF02A2E0444003A3363 /* MovieButtons.swift */ = {isa = PBXFileReference; lastKnownFileType = sourcecode.swift; path = MovieButtons.swift; sourceTree = "<group>"; };
		EDD63BF42A2E2458003A3363 /* MovieTheaters.swift */ = {isa = PBXFileReference; lastKnownFileType = sourcecode.swift; path = MovieTheaters.swift; sourceTree = "<group>"; };
		EDDF74B42A1CC5F0005E5F55 /* MovieCard.swift */ = {isa = PBXFileReference; lastKnownFileType = sourcecode.swift; path = MovieCard.swift; sourceTree = "<group>"; };
		EDFDDCC32A2F0CF9004F318E /* Mapv2.swift */ = {isa = PBXFileReference; fileEncoding = 4; lastKnownFileType = sourcecode.swift; path = Mapv2.swift; sourceTree = "<group>"; };
		EDFDDCC72A2F16A7004F318E /* Map.swift */ = {isa = PBXFileReference; fileEncoding = 4; lastKnownFileType = sourcecode.swift; path = Map.swift; sourceTree = "<group>"; };
		EDFDDCCA2A2F2A56004F318E /* FaceIDAuthenticator.swift */ = {isa = PBXFileReference; lastKnownFileType = sourcecode.swift; path = FaceIDAuthenticator.swift; sourceTree = "<group>"; };
/* End PBXFileReference section */

/* Begin PBXFrameworksBuildPhase section */
		8B8BCEE629A2CF930051F80A /* Frameworks */ = {
			isa = PBXFrameworksBuildPhase;
			buildActionMask = 2147483647;
			files = (
			);
			runOnlyForDeploymentPostprocessing = 0;
		};
/* End PBXFrameworksBuildPhase section */

/* Begin PBXGroup section */
		8B8BCEE029A2CF930051F80A = {
			isa = PBXGroup;
			children = (
				8B8BCEEC29A2CF930051F80A /* MovieApp.swift */,
				8B8BCEEB29A2CF930051F80A /* MovieApp */,
				8B8BCEEA29A2CF930051F80A /* Products */,
			);
			sourceTree = "<group>";
		};
		8B8BCEEA29A2CF930051F80A /* Products */ = {
			isa = PBXGroup;
			children = (
				8B8BCEE929A2CF930051F80A /* MovieApp.app */,
			);
			name = Products;
			sourceTree = "<group>";
		};
		8B8BCEEB29A2CF930051F80A /* MovieApp */ = {
			isa = PBXGroup;
			children = (
				EDFDDCC92A2F2A39004F318E /* Services */,
				EDD63BE92A2DE68F003A3363 /* Splash Screen */,
				EDD63BE42A2DE13B003A3363 /* Info.plist */,
				EDD63BDE2A2DDA59003A3363 /* ViewModel */,
				8B8BCF0429A2DE4A0051F80A /* view */,
				8B8BCF0229A2DE380051F80A /* Model */,
				8B8BCEF029A2CF940051F80A /* Assets.xcassets */,
				8B8BCEF229A2CF940051F80A /* Preview Content */,
			);
			path = MovieApp;
			sourceTree = "<group>";
		};
		8B8BCEF229A2CF940051F80A /* Preview Content */ = {
			isa = PBXGroup;
			children = (
				8B8BCEF329A2CF940051F80A /* Preview Assets.xcassets */,
			);
			path = "Preview Content";
			sourceTree = "<group>";
		};
		8B8BCF0229A2DE380051F80A /* Model */ = {
			isa = PBXGroup;
			children = (
				8B8BCEFE29A2DE260051F80A /* MovieList.swift */,
				8B8BCF0029A2DE330051F80A /* Movie.swift */,
				ED42F7282A1B54D0006CC7B5 /* Genre.swift */,
				ED42F72C2A1BADBC006CC7B5 /* MovieByGenre.swift */,
				EDD63BF42A2E2458003A3363 /* MovieTheaters.swift */,
			);
			path = Model;
			sourceTree = "<group>";
		};
		8B8BCF0429A2DE4A0051F80A /* view */ = {
			isa = PBXGroup;
			children = (
				EDD63BE12A2DDE37003A3363 /* Map */,
				EDD63BDD2A2DC523003A3363 /* Authentication */,
				ED42F7312A1C9E79006CC7B5 /* Components */,
				8BAF3B2129AD6B7400277E9E /* HomePage */,
				8BAF3B2029AD6B6000277E9E /* MovieDetails */,
			);
			path = view;
			sourceTree = "<group>";
		};
		8BAF3B2029AD6B6000277E9E /* MovieDetails */ = {
			isa = PBXGroup;
			children = (
				8BAF3B1A29AD52CA00277E9E /* MovieDetailView.swift */,
				EDD63BEC2A2E0121003A3363 /* MovieHeader.swift */,
				EDD63BEE2A2E02DD003A3363 /* MovieOverview.swift */,
				EDD63BF02A2E0444003A3363 /* MovieButtons.swift */,
			);
			path = MovieDetails;
			sourceTree = "<group>";
		};
		8BAF3B2129AD6B7400277E9E /* HomePage */ = {
			isa = PBXGroup;
			children = (
				8B8BCEEE29A2CF930051F80A /* HomePageView.swift */,
				ED42F72F2A1BB318006CC7B5 /* MoviesByGenreView.swift */,
			);
			path = HomePage;
			sourceTree = "<group>";
		};
		ED42F7312A1C9E79006CC7B5 /* Components */ = {
			isa = PBXGroup;
			children = (
				8B8BCEFA29A2DDFD0051F80A /* MovieListCard.swift */,
				ED42F7322A1C9EE0006CC7B5 /* GenreButton.swift */,
				EDDF74B42A1CC5F0005E5F55 /* MovieCard.swift */,
			);
			path = Components;
			sourceTree = "<group>";
		};
		EDD63BDD2A2DC523003A3363 /* Authentication */ = {
			isa = PBXGroup;
			children = (
				EDD63BDB2A2DBE75003A3363 /* FaceIDView.swift */,
			);
			path = Authentication;
			sourceTree = "<group>";
		};
		EDD63BDE2A2DDA59003A3363 /* ViewModel */ = {
			isa = PBXGroup;
			children = (
				8B8BCEFC29A2DE150051F80A /* MovieHomeViewModel.swift */,
				8BAF3B1C29AD646A00277E9E /* MovieDetailsViewModel.swift */,
			);
			path = ViewModel;
			sourceTree = "<group>";
		};
		EDD63BE12A2DDE37003A3363 /* Map */ = {
			isa = PBXGroup;
			children = (
				EDFDDCC72A2F16A7004F318E /* Map.swift */,
				EDFDDCC32A2F0CF9004F318E /* Mapv2.swift */,
			);
			path = Map;
			sourceTree = "<group>";
		};
		EDD63BE92A2DE68F003A3363 /* Splash Screen */ = {
			isa = PBXGroup;
			children = (
				EDD63BEA2A2DE6A8003A3363 /* SplashView.swift */,
			);
			path = "Splash Screen";
			sourceTree = "<group>";
		};
		EDFDDCC92A2F2A39004F318E /* Services */ = {
			isa = PBXGroup;
			children = (
				EDFDDCCA2A2F2A56004F318E /* FaceIDAuthenticator.swift */,
			);
			path = Services;
			sourceTree = "<group>";
		};
/* End PBXGroup section */

/* Begin PBXNativeTarget section */
		8B8BCEE829A2CF930051F80A /* MovieApp */ = {
			isa = PBXNativeTarget;
			buildConfigurationList = 8B8BCEF729A2CF940051F80A /* Build configuration list for PBXNativeTarget "MovieApp" */;
			buildPhases = (
				8B8BCEE529A2CF930051F80A /* Sources */,
				8B8BCEE629A2CF930051F80A /* Frameworks */,
				8B8BCEE729A2CF930051F80A /* Resources */,
			);
			buildRules = (
			);
			dependencies = (
			);
			name = MovieApp;
			productName = MovieLookup;
			productReference = 8B8BCEE929A2CF930051F80A /* MovieApp.app */;
			productType = "com.apple.product-type.application";
		};
/* End PBXNativeTarget section */

/* Begin PBXProject section */
		8B8BCEE129A2CF930051F80A /* Project object */ = {
			isa = PBXProject;
			attributes = {
				BuildIndependentTargetsInParallel = 1;
				LastSwiftUpdateCheck = 1420;
				LastUpgradeCheck = 1420;
				TargetAttributes = {
					8B8BCEE829A2CF930051F80A = {
						CreatedOnToolsVersion = 14.2;
					};
				};
			};
			buildConfigurationList = 8B8BCEE429A2CF930051F80A /* Build configuration list for PBXProject "MovieApp" */;
			compatibilityVersion = "Xcode 14.0";
			developmentRegion = en;
			hasScannedForEncodings = 0;
			knownRegions = (
				en,
				Base,
			);
			mainGroup = 8B8BCEE029A2CF930051F80A;
			productRefGroup = 8B8BCEEA29A2CF930051F80A /* Products */;
			projectDirPath = "";
			projectRoot = "";
			targets = (
				8B8BCEE829A2CF930051F80A /* MovieApp */,
			);
		};
/* End PBXProject section */

/* Begin PBXResourcesBuildPhase section */
		8B8BCEE729A2CF930051F80A /* Resources */ = {
			isa = PBXResourcesBuildPhase;
			buildActionMask = 2147483647;
			files = (
				8B8BCEF429A2CF940051F80A /* Preview Assets.xcassets in Resources */,
				8B8BCEF129A2CF940051F80A /* Assets.xcassets in Resources */,
			);
			runOnlyForDeploymentPostprocessing = 0;
		};
/* End PBXResourcesBuildPhase section */

/* Begin PBXSourcesBuildPhase section */
		8B8BCEE529A2CF930051F80A /* Sources */ = {
			isa = PBXSourcesBuildPhase;
			buildActionMask = 2147483647;
			files = (
				8BAF3B1D29AD646A00277E9E /* MovieDetailsViewModel.swift in Sources */,
				ED42F7302A1BB318006CC7B5 /* MoviesByGenreView.swift in Sources */,
				8B8BCEFF29A2DE260051F80A /* MovieList.swift in Sources */,
				EDD63BF12A2E0444003A3363 /* MovieButtons.swift in Sources */,
				ED42F7332A1C9EE0006CC7B5 /* GenreButton.swift in Sources */,
				8B8BCEFB29A2DDFD0051F80A /* MovieListCard.swift in Sources */,
				EDD63BDC2A2DBE75003A3363 /* FaceIDView.swift in Sources */,
				ED42F72D2A1BADBC006CC7B5 /* MovieByGenre.swift in Sources */,
				8B8BCEEF29A2CF930051F80A /* HomePageView.swift in Sources */,
				8B8BCEED29A2CF930051F80A /* MovieApp.swift in Sources */,
				EDFDDCC82A2F16A7004F318E /* Map.swift in Sources */,
				EDFDDCCB2A2F2A56004F318E /* FaceIDAuthenticator.swift in Sources */,
				8B8BCEFD29A2DE150051F80A /* MovieHomeViewModel.swift in Sources */,
				EDDF74B52A1CC5F0005E5F55 /* MovieCard.swift in Sources */,
				8B8BCF0129A2DE330051F80A /* Movie.swift in Sources */,
				8BAF3B1B29AD52CA00277E9E /* MovieDetailView.swift in Sources */,
				ED42F7292A1B54D0006CC7B5 /* Genre.swift in Sources */,
				EDFDDCC42A2F0CF9004F318E /* Mapv2.swift in Sources */,
				EDD63BF52A2E2458003A3363 /* MovieTheaters.swift in Sources */,
				EDD63BEB2A2DE6A8003A3363 /* SplashView.swift in Sources */,
				EDD63BED2A2E0121003A3363 /* MovieHeader.swift in Sources */,
				EDD63BEF2A2E02DD003A3363 /* MovieOverview.swift in Sources */,
			);
			runOnlyForDeploymentPostprocessing = 0;
		};
/* End PBXSourcesBuildPhase section */

/* Begin XCBuildConfiguration section */
		8B8BCEF529A2CF940051F80A /* Debug */ = {
			isa = XCBuildConfiguration;
			buildSettings = {
				ALWAYS_SEARCH_USER_PATHS = NO;
				CLANG_ANALYZER_NONNULL = YES;
				CLANG_ANALYZER_NUMBER_OBJECT_CONVERSION = YES_AGGRESSIVE;
				CLANG_CXX_LANGUAGE_STANDARD = "gnu++20";
				CLANG_ENABLE_MODULES = YES;
				CLANG_ENABLE_OBJC_ARC = YES;
				CLANG_ENABLE_OBJC_WEAK = YES;
				CLANG_WARN_BLOCK_CAPTURE_AUTORELEASING = YES;
				CLANG_WARN_BOOL_CONVERSION = YES;
				CLANG_WARN_COMMA = YES;
				CLANG_WARN_CONSTANT_CONVERSION = YES;
				CLANG_WARN_DEPRECATED_OBJC_IMPLEMENTATIONS = YES;
				CLANG_WARN_DIRECT_OBJC_ISA_USAGE = YES_ERROR;
				CLANG_WARN_DOCUMENTATION_COMMENTS = YES;
				CLANG_WARN_EMPTY_BODY = YES;
				CLANG_WARN_ENUM_CONVERSION = YES;
				CLANG_WARN_INFINITE_RECURSION = YES;
				CLANG_WARN_INT_CONVERSION = YES;
				CLANG_WARN_NON_LITERAL_NULL_CONVERSION = YES;
				CLANG_WARN_OBJC_IMPLICIT_RETAIN_SELF = YES;
				CLANG_WARN_OBJC_LITERAL_CONVERSION = YES;
				CLANG_WARN_OBJC_ROOT_CLASS = YES_ERROR;
				CLANG_WARN_QUOTED_INCLUDE_IN_FRAMEWORK_HEADER = YES;
				CLANG_WARN_RANGE_LOOP_ANALYSIS = YES;
				CLANG_WARN_STRICT_PROTOTYPES = YES;
				CLANG_WARN_SUSPICIOUS_MOVE = YES;
				CLANG_WARN_UNGUARDED_AVAILABILITY = YES_AGGRESSIVE;
				CLANG_WARN_UNREACHABLE_CODE = YES;
				CLANG_WARN__DUPLICATE_METHOD_MATCH = YES;
				COPY_PHASE_STRIP = NO;
				DEBUG_INFORMATION_FORMAT = dwarf;
				ENABLE_STRICT_OBJC_MSGSEND = YES;
				ENABLE_TESTABILITY = YES;
				GCC_C_LANGUAGE_STANDARD = gnu11;
				GCC_DYNAMIC_NO_PIC = NO;
				GCC_NO_COMMON_BLOCKS = YES;
				GCC_OPTIMIZATION_LEVEL = 0;
				GCC_PREPROCESSOR_DEFINITIONS = (
					"DEBUG=1",
					"$(inherited)",
				);
				GCC_WARN_64_TO_32_BIT_CONVERSION = YES;
				GCC_WARN_ABOUT_RETURN_TYPE = YES_ERROR;
				GCC_WARN_UNDECLARED_SELECTOR = YES;
				GCC_WARN_UNINITIALIZED_AUTOS = YES_AGGRESSIVE;
				GCC_WARN_UNUSED_FUNCTION = YES;
				GCC_WARN_UNUSED_VARIABLE = YES;
				IPHONEOS_DEPLOYMENT_TARGET = 16.2;
				MTL_ENABLE_DEBUG_INFO = INCLUDE_SOURCE;
				MTL_FAST_MATH = YES;
				ONLY_ACTIVE_ARCH = YES;
				SDKROOT = iphoneos;
				SWIFT_ACTIVE_COMPILATION_CONDITIONS = DEBUG;
				SWIFT_OPTIMIZATION_LEVEL = "-Onone";
			};
			name = Debug;
		};
		8B8BCEF629A2CF940051F80A /* Release */ = {
			isa = XCBuildConfiguration;
			buildSettings = {
				ALWAYS_SEARCH_USER_PATHS = NO;
				CLANG_ANALYZER_NONNULL = YES;
				CLANG_ANALYZER_NUMBER_OBJECT_CONVERSION = YES_AGGRESSIVE;
				CLANG_CXX_LANGUAGE_STANDARD = "gnu++20";
				CLANG_ENABLE_MODULES = YES;
				CLANG_ENABLE_OBJC_ARC = YES;
				CLANG_ENABLE_OBJC_WEAK = YES;
				CLANG_WARN_BLOCK_CAPTURE_AUTORELEASING = YES;
				CLANG_WARN_BOOL_CONVERSION = YES;
				CLANG_WARN_COMMA = YES;
				CLANG_WARN_CONSTANT_CONVERSION = YES;
				CLANG_WARN_DEPRECATED_OBJC_IMPLEMENTATIONS = YES;
				CLANG_WARN_DIRECT_OBJC_ISA_USAGE = YES_ERROR;
				CLANG_WARN_DOCUMENTATION_COMMENTS = YES;
				CLANG_WARN_EMPTY_BODY = YES;
				CLANG_WARN_ENUM_CONVERSION = YES;
				CLANG_WARN_INFINITE_RECURSION = YES;
				CLANG_WARN_INT_CONVERSION = YES;
				CLANG_WARN_NON_LITERAL_NULL_CONVERSION = YES;
				CLANG_WARN_OBJC_IMPLICIT_RETAIN_SELF = YES;
				CLANG_WARN_OBJC_LITERAL_CONVERSION = YES;
				CLANG_WARN_OBJC_ROOT_CLASS = YES_ERROR;
				CLANG_WARN_QUOTED_INCLUDE_IN_FRAMEWORK_HEADER = YES;
				CLANG_WARN_RANGE_LOOP_ANALYSIS = YES;
				CLANG_WARN_STRICT_PROTOTYPES = YES;
				CLANG_WARN_SUSPICIOUS_MOVE = YES;
				CLANG_WARN_UNGUARDED_AVAILABILITY = YES_AGGRESSIVE;
				CLANG_WARN_UNREACHABLE_CODE = YES;
				CLANG_WARN__DUPLICATE_METHOD_MATCH = YES;
				COPY_PHASE_STRIP = NO;
				DEBUG_INFORMATION_FORMAT = "dwarf-with-dsym";
				ENABLE_NS_ASSERTIONS = NO;
				ENABLE_STRICT_OBJC_MSGSEND = YES;
				GCC_C_LANGUAGE_STANDARD = gnu11;
				GCC_NO_COMMON_BLOCKS = YES;
				GCC_WARN_64_TO_32_BIT_CONVERSION = YES;
				GCC_WARN_ABOUT_RETURN_TYPE = YES_ERROR;
				GCC_WARN_UNDECLARED_SELECTOR = YES;
				GCC_WARN_UNINITIALIZED_AUTOS = YES_AGGRESSIVE;
				GCC_WARN_UNUSED_FUNCTION = YES;
				GCC_WARN_UNUSED_VARIABLE = YES;
				IPHONEOS_DEPLOYMENT_TARGET = 16.2;
				MTL_ENABLE_DEBUG_INFO = NO;
				MTL_FAST_MATH = YES;
				SDKROOT = iphoneos;
				SWIFT_COMPILATION_MODE = wholemodule;
				SWIFT_OPTIMIZATION_LEVEL = "-O";
				VALIDATE_PRODUCT = YES;
			};
			name = Release;
		};
		8B8BCEF829A2CF940051F80A /* Debug */ = {
			isa = XCBuildConfiguration;
			buildSettings = {
				ASSETCATALOG_COMPILER_APPICON_NAME = AppIcon;
				ASSETCATALOG_COMPILER_GLOBAL_ACCENT_COLOR_NAME = AccentColor;
				CODE_SIGN_STYLE = Automatic;
				CURRENT_PROJECT_VERSION = 1;
				DEVELOPMENT_ASSET_PATHS = "\"MovieApp/Preview Content\"";
				DEVELOPMENT_TEAM = 2VA9RUV2PN;
				ENABLE_PREVIEWS = YES;
				GENERATE_INFOPLIST_FILE = YES;
				INFOPLIST_FILE = MovieApp/Info.plist;
				INFOPLIST_KEY_NSFaceIDUsageDescription = "Veuillez vous authentifier avec Face ID pour accéder à l'application.";
				INFOPLIST_KEY_NSLocationAlwaysAndWhenInUseUsageDescription = "Besoin d'accéder à votre position pour afficher la carte";
				INFOPLIST_KEY_NSLocationWhenInUseUsageDescription = "Besoin d'accéder à votre position pour afficher la carte";
				INFOPLIST_KEY_UIApplicationSceneManifest_Generation = YES;
				INFOPLIST_KEY_UIApplicationSupportsIndirectInputEvents = YES;
				INFOPLIST_KEY_UILaunchScreen_Generation = YES;
				INFOPLIST_KEY_UISupportedInterfaceOrientations_iPad = "UIInterfaceOrientationPortrait UIInterfaceOrientationPortraitUpsideDown UIInterfaceOrientationLandscapeLeft UIInterfaceOrientationLandscapeRight";
				INFOPLIST_KEY_UISupportedInterfaceOrientations_iPhone = "UIInterfaceOrientationPortrait UIInterfaceOrientationLandscapeLeft UIInterfaceOrientationLandscapeRight";
				LD_RUNPATH_SEARCH_PATHS = (
					"$(inherited)",
					"@executable_path/Frameworks",
				);
				MARKETING_VERSION = 1.0;
				PRODUCT_BUNDLE_IDENTIFIER = getswifty.MovieLookup;
				PRODUCT_NAME = "$(TARGET_NAME)";
				SWIFT_EMIT_LOC_STRINGS = YES;
				SWIFT_VERSION = 5.0;
				TARGETED_DEVICE_FAMILY = "1,2";
			};
			name = Debug;
		};
		8B8BCEF929A2CF940051F80A /* Release */ = {
			isa = XCBuildConfiguration;
			buildSettings = {
				ASSETCATALOG_COMPILER_APPICON_NAME = AppIcon;
				ASSETCATALOG_COMPILER_GLOBAL_ACCENT_COLOR_NAME = AccentColor;
				CODE_SIGN_STYLE = Automatic;
				CURRENT_PROJECT_VERSION = 1;
				DEVELOPMENT_ASSET_PATHS = "\"MovieApp/Preview Content\"";
				DEVELOPMENT_TEAM = 2VA9RUV2PN;
				ENABLE_PREVIEWS = YES;
				GENERATE_INFOPLIST_FILE = YES;
				INFOPLIST_FILE = MovieApp/Info.plist;
				INFOPLIST_KEY_NSFaceIDUsageDescription = "Veuillez vous authentifier avec Face ID pour accéder à l'application.";
				INFOPLIST_KEY_NSLocationAlwaysAndWhenInUseUsageDescription = "Besoin d'accéder à votre position pour afficher la carte";
				INFOPLIST_KEY_NSLocationWhenInUseUsageDescription = "Besoin d'accéder à votre position pour afficher la carte";
				INFOPLIST_KEY_UIApplicationSceneManifest_Generation = YES;
				INFOPLIST_KEY_UIApplicationSupportsIndirectInputEvents = YES;
				INFOPLIST_KEY_UILaunchScreen_Generation = YES;
				INFOPLIST_KEY_UISupportedInterfaceOrientations_iPad = "UIInterfaceOrientationPortrait UIInterfaceOrientationPortraitUpsideDown UIInterfaceOrientationLandscapeLeft UIInterfaceOrientationLandscapeRight";
				INFOPLIST_KEY_UISupportedInterfaceOrientations_iPhone = "UIInterfaceOrientationPortrait UIInterfaceOrientationLandscapeLeft UIInterfaceOrientationLandscapeRight";
				LD_RUNPATH_SEARCH_PATHS = (
					"$(inherited)",
					"@executable_path/Frameworks",
				);
				MARKETING_VERSION = 1.0;
				PRODUCT_BUNDLE_IDENTIFIER = getswifty.MovieLookup;
				PRODUCT_NAME = "$(TARGET_NAME)";
				SWIFT_EMIT_LOC_STRINGS = YES;
				SWIFT_VERSION = 5.0;
				TARGETED_DEVICE_FAMILY = "1,2";
			};
			name = Release;
		};
/* End XCBuildConfiguration section */

/* Begin XCConfigurationList section */
		8B8BCEE429A2CF930051F80A /* Build configuration list for PBXProject "MovieApp" */ = {
			isa = XCConfigurationList;
			buildConfigurations = (
				8B8BCEF529A2CF940051F80A /* Debug */,
				8B8BCEF629A2CF940051F80A /* Release */,
			);
			defaultConfigurationIsVisible = 0;
			defaultConfigurationName = Release;
		};
		8B8BCEF729A2CF940051F80A /* Build configuration list for PBXNativeTarget "MovieApp" */ = {
			isa = XCConfigurationList;
			buildConfigurations = (
				8B8BCEF829A2CF940051F80A /* Debug */,
				8B8BCEF929A2CF940051F80A /* Release */,
			);
			defaultConfigurationIsVisible = 0;
			defaultConfigurationName = Release;
		};
/* End XCConfigurationList section */
	};
	rootObject = 8B8BCEE129A2CF930051F80A /* Project object */;
}
